// !$*UTF8*$!
{
	archiveVersion = 1;
	classes = {
	};
	objectVersion = 46;
	objects = {

/* Begin PBXBuildFile section */
		9D9B82E117AA7E7D008DCF01 /* CoreGraphicsTableViewController.m in Sources */ = {isa = PBXBuildFile; fileRef = 9D9B82DF17AA7E7D008DCF01 /* CoreGraphicsTableViewController.m */; };
		9D9B82E517ABD150008DCF01 /* CoreGraphicsHeader.m in Sources */ = {isa = PBXBuildFile; fileRef = 9D9B82E417ABD150008DCF01 /* CoreGraphicsHeader.m */; };
		9DBD43531798105600124365 /* UIKit.framework in Frameworks */ = {isa = PBXBuildFile; fileRef = 9DBD43521798105600124365 /* UIKit.framework */; };
		9DBD43551798105600124365 /* Foundation.framework in Frameworks */ = {isa = PBXBuildFile; fileRef = 9DBD43541798105600124365 /* Foundation.framework */; };
		9DBD43571798105600124365 /* CoreGraphics.framework in Frameworks */ = {isa = PBXBuildFile; fileRef = 9DBD43561798105600124365 /* CoreGraphics.framework */; };
		9DBD435D1798105600124365 /* InfoPlist.strings in Resources */ = {isa = PBXBuildFile; fileRef = 9DBD435B1798105600124365 /* InfoPlist.strings */; };
		9DBD435F1798105600124365 /* main.m in Sources */ = {isa = PBXBuildFile; fileRef = 9DBD435E1798105600124365 /* main.m */; };
		9DBD43631798105600124365 /* AppDelegate.m in Sources */ = {isa = PBXBuildFile; fileRef = 9DBD43621798105600124365 /* AppDelegate.m */; };
		9DBD43651798105600124365 /* Default.png in Resources */ = {isa = PBXBuildFile; fileRef = 9DBD43641798105600124365 /* Default.png */; };
		9DBD43671798105600124365 /* Default@2x.png in Resources */ = {isa = PBXBuildFile; fileRef = 9DBD43661798105600124365 /* Default@2x.png */; };
		9DBD43691798105600124365 /* Default-568h@2x.png in Resources */ = {isa = PBXBuildFile; fileRef = 9DBD43681798105600124365 /* Default-568h@2x.png */; };
		9DBD436C1798105600124365 /* MainStoryboard_iPhone.storyboard in Resources */ = {isa = PBXBuildFile; fileRef = 9DBD436A1798105600124365 /* MainStoryboard_iPhone.storyboard */; };
		9DBD436F1798105600124365 /* MainStoryboard_iPad.storyboard in Resources */ = {isa = PBXBuildFile; fileRef = 9DBD436D1798105600124365 /* MainStoryboard_iPad.storyboard */; };
		9DBD43721798105600124365 /* ViewController.m in Sources */ = {isa = PBXBuildFile; fileRef = 9DBD43711798105600124365 /* ViewController.m */; };
		FEBDC263A47652403A449449 /* CoreGraphicsView.m in Sources */ = {isa = PBXBuildFile; fileRef = FEBDC782D42B1316E4A42D9B /* CoreGraphicsView.m */; };
		FEBDC3C595E77D86F9700BE4 /* CoreGraphicsCellBackground.m in Sources */ = {isa = PBXBuildFile; fileRef = FEBDC36715CCF57F43AA77C7 /* CoreGraphicsCellBackground.m */; };
/* End PBXBuildFile section */

/* Begin PBXFileReference section */
		9D9B82DE17AA7E7D008DCF01 /* CoreGraphicsTableViewController.h */ = {isa = PBXFileReference; fileEncoding = 4; lastKnownFileType = sourcecode.c.h; path = CoreGraphicsTableViewController.h; sourceTree = "<group>"; };
		9D9B82DF17AA7E7D008DCF01 /* CoreGraphicsTableViewController.m */ = {isa = PBXFileReference; fileEncoding = 4; lastKnownFileType = sourcecode.c.objc; path = CoreGraphicsTableViewController.m; sourceTree = "<group>"; };
		9D9B82E317ABD150008DCF01 /* CoreGraphicsHeader.h */ = {isa = PBXFileReference; fileEncoding = 4; lastKnownFileType = sourcecode.c.h; path = CoreGraphicsHeader.h; sourceTree = "<group>"; };
		9D9B82E417ABD150008DCF01 /* CoreGraphicsHeader.m */ = {isa = PBXFileReference; fileEncoding = 4; lastKnownFileType = sourcecode.c.objc; path = CoreGraphicsHeader.m; sourceTree = "<group>"; };
		9DBD434F1798105600124365 /* coreGraphics.app */ = {isa = PBXFileReference; explicitFileType = wrapper.application; includeInIndex = 0; path = coreGraphics.app; sourceTree = BUILT_PRODUCTS_DIR; };
		9DBD43521798105600124365 /* UIKit.framework */ = {isa = PBXFileReference; lastKnownFileType = wrapper.framework; name = UIKit.framework; path = System/Library/Frameworks/UIKit.framework; sourceTree = SDKROOT; };
		9DBD43541798105600124365 /* Foundation.framework */ = {isa = PBXFileReference; lastKnownFileType = wrapper.framework; name = Foundation.framework; path = System/Library/Frameworks/Foundation.framework; sourceTree = SDKROOT; };
		9DBD43561798105600124365 /* CoreGraphics.framework */ = {isa = PBXFileReference; lastKnownFileType = wrapper.framework; name = CoreGraphics.framework; path = System/Library/Frameworks/CoreGraphics.framework; sourceTree = SDKROOT; };
		9DBD435A1798105600124365 /* coreGraphics-Info.plist */ = {isa = PBXFileReference; lastKnownFileType = text.plist.xml; path = "coreGraphics-Info.plist"; sourceTree = "<group>"; };
		9DBD435C1798105600124365 /* en */ = {isa = PBXFileReference; lastKnownFileType = text.plist.strings; name = en; path = en.lproj/InfoPlist.strings; sourceTree = "<group>"; };
		9DBD435E1798105600124365 /* main.m */ = {isa = PBXFileReference; lastKnownFileType = sourcecode.c.objc; path = main.m; sourceTree = "<group>"; };
		9DBD43601798105600124365 /* coreGraphics-Prefix.pch */ = {isa = PBXFileReference; lastKnownFileType = sourcecode.c.h; path = "coreGraphics-Prefix.pch"; sourceTree = "<group>"; };
		9DBD43611798105600124365 /* AppDelegate.h */ = {isa = PBXFileReference; lastKnownFileType = sourcecode.c.h; path = AppDelegate.h; sourceTree = "<group>"; };
		9DBD43621798105600124365 /* AppDelegate.m */ = {isa = PBXFileReference; lastKnownFileType = sourcecode.c.objc; path = AppDelegate.m; sourceTree = "<group>"; };
		9DBD43641798105600124365 /* Default.png */ = {isa = PBXFileReference; lastKnownFileType = image.png; path = Default.png; sourceTree = "<group>"; };
		9DBD43661798105600124365 /* Default@2x.png */ = {isa = PBXFileReference; lastKnownFileType = image.png; path = "Default@2x.png"; sourceTree = "<group>"; };
		9DBD43681798105600124365 /* Default-568h@2x.png */ = {isa = PBXFileReference; lastKnownFileType = image.png; path = "Default-568h@2x.png"; sourceTree = "<group>"; };
		9DBD436B1798105600124365 /* en */ = {isa = PBXFileReference; lastKnownFileType = file.storyboard; name = en; path = en.lproj/MainStoryboard_iPhone.storyboard; sourceTree = "<group>"; };
		9DBD436E1798105600124365 /* en */ = {isa = PBXFileReference; lastKnownFileType = file.storyboard; name = en; path = en.lproj/MainStoryboard_iPad.storyboard; sourceTree = "<group>"; };
		9DBD43701798105600124365 /* ViewController.h */ = {isa = PBXFileReference; lastKnownFileType = sourcecode.c.h; path = ViewController.h; sourceTree = "<group>"; };
		9DBD43711798105600124365 /* ViewController.m */ = {isa = PBXFileReference; lastKnownFileType = sourcecode.c.objc; path = ViewController.m; sourceTree = "<group>"; };
		FEBDC36715CCF57F43AA77C7 /* CoreGraphicsCellBackground.m */ = {isa = PBXFileReference; fileEncoding = 4; lastKnownFileType = sourcecode.c.objc; path = CoreGraphicsCellBackground.m; sourceTree = "<group>"; };
		FEBDC782D42B1316E4A42D9B /* CoreGraphicsView.m */ = {isa = PBXFileReference; fileEncoding = 4; lastKnownFileType = sourcecode.c.objc; path = CoreGraphicsView.m; sourceTree = "<group>"; };
		FEBDCDB4B1300C39897250C6 /* CoreGraphicsCellBackground.h */ = {isa = PBXFileReference; fileEncoding = 4; lastKnownFileType = sourcecode.c.h; path = CoreGraphicsCellBackground.h; sourceTree = "<group>"; };
		FEBDCF6D0F79809DFFEEEFA9 /* CoreGraphicsView.h */ = {isa = PBXFileReference; fileEncoding = 4; lastKnownFileType = sourcecode.c.h; path = CoreGraphicsView.h; sourceTree = "<group>"; };
/* End PBXFileReference section */

/* Begin PBXFrameworksBuildPhase section */
		9DBD434C1798105600124365 /* Frameworks */ = {
			isa = PBXFrameworksBuildPhase;
			buildActionMask = 2147483647;
			files = (
				9DBD43531798105600124365 /* UIKit.framework in Frameworks */,
				9DBD43551798105600124365 /* Foundation.framework in Frameworks */,
				9DBD43571798105600124365 /* CoreGraphics.framework in Frameworks */,
			);
			runOnlyForDeploymentPostprocessing = 0;
		};
/* End PBXFrameworksBuildPhase section */

/* Begin PBXGroup section */
		9DBD43461798105600124365 = {
			isa = PBXGroup;
			children = (
				9D9B82E317ABD150008DCF01 /* CoreGraphicsHeader.h */,
				9D9B82E417ABD150008DCF01 /* CoreGraphicsHeader.m */,
				9DBD43581798105600124365 /* coreGraphics */,
				9DBD43511798105600124365 /* Frameworks */,
				9DBD43501798105600124365 /* Products */,
			);
			sourceTree = "<group>";
		};
		9DBD43501798105600124365 /* Products */ = {
			isa = PBXGroup;
			children = (
				9DBD434F1798105600124365 /* coreGraphics.app */,
			);
			name = Products;
			sourceTree = "<group>";
		};
		9DBD43511798105600124365 /* Frameworks */ = {
			isa = PBXGroup;
			children = (
				9DBD43521798105600124365 /* UIKit.framework */,
				9DBD43541798105600124365 /* Foundation.framework */,
				9DBD43561798105600124365 /* CoreGraphics.framework */,
			);
			name = Frameworks;
			sourceTree = "<group>";
		};
		9DBD43581798105600124365 /* coreGraphics */ = {
			isa = PBXGroup;
			children = (
				9D9B82DE17AA7E7D008DCF01 /* CoreGraphicsTableViewController.h */,
				9D9B82DF17AA7E7D008DCF01 /* CoreGraphicsTableViewController.m */,
				9DBD43611798105600124365 /* AppDelegate.h */,
				9DBD43621798105600124365 /* AppDelegate.m */,
				9DBD436A1798105600124365 /* MainStoryboard_iPhone.storyboard */,
				9DBD436D1798105600124365 /* MainStoryboard_iPad.storyboard */,
				9DBD43701798105600124365 /* ViewController.h */,
				9DBD43711798105600124365 /* ViewController.m */,
				9DBD43591798105600124365 /* Supporting Files */,
				FEBDCF6D0F79809DFFEEEFA9 /* CoreGraphicsView.h */,
				FEBDC782D42B1316E4A42D9B /* CoreGraphicsView.m */,
				FEBDC36715CCF57F43AA77C7 /* CoreGraphicsCellBackground.m */,
				FEBDCDB4B1300C39897250C6 /* CoreGraphicsCellBackground.h */,
			);
			path = coreGraphics;
			sourceTree = "<group>";
		};
		9DBD43591798105600124365 /* Supporting Files */ = {
			isa = PBXGroup;
			children = (
				9DBD435A1798105600124365 /* coreGraphics-Info.plist */,
				9DBD435B1798105600124365 /* InfoPlist.strings */,
				9DBD435E1798105600124365 /* main.m */,
				9DBD43601798105600124365 /* coreGraphics-Prefix.pch */,
				9DBD43641798105600124365 /* Default.png */,
				9DBD43661798105600124365 /* Default@2x.png */,
				9DBD43681798105600124365 /* Default-568h@2x.png */,
			);
			name = "Supporting Files";
			sourceTree = "<group>";
		};
/* End PBXGroup section */

/* Begin PBXNativeTarget section */
		9DBD434E1798105600124365 /* coreGraphics */ = {
			isa = PBXNativeTarget;
			buildConfigurationList = 9DBD43751798105600124365 /* Build configuration list for PBXNativeTarget "coreGraphics" */;
			buildPhases = (
				9DBD434B1798105600124365 /* Sources */,
				9DBD434C1798105600124365 /* Frameworks */,
				9DBD434D1798105600124365 /* Resources */,
			);
			buildRules = (
			);
			dependencies = (
			);
			name = coreGraphics;
			productName = coreGraphics;
			productReference = 9DBD434F1798105600124365 /* coreGraphics.app */;
			productType = "com.apple.product-type.application";
		};
/* End PBXNativeTarget section */

/* Begin PBXProject section */
		9DBD43471798105600124365 /* Project object */ = {
			isa = PBXProject;
			attributes = {
				LastUpgradeCheck = 0460;
				ORGANIZATIONNAME = "Mirosław Kucharzyk";
			};
			buildConfigurationList = 9DBD434A1798105600124365 /* Build configuration list for PBXProject "coreGraphics" */;
			compatibilityVersion = "Xcode 3.2";
			developmentRegion = English;
			hasScannedForEncodings = 0;
			knownRegions = (
				en,
			);
			mainGroup = 9DBD43461798105600124365;
			productRefGroup = 9DBD43501798105600124365 /* Products */;
			projectDirPath = "";
			projectRoot = "";
			targets = (
				9DBD434E1798105600124365 /* coreGraphics */,
			);
		};
/* End PBXProject section */

/* Begin PBXResourcesBuildPhase section */
		9DBD434D1798105600124365 /* Resources */ = {
			isa = PBXResourcesBuildPhase;
			buildActionMask = 2147483647;
			files = (
				9DBD435D1798105600124365 /* InfoPlist.strings in Resources */,
				9DBD43651798105600124365 /* Default.png in Resources */,
				9DBD43671798105600124365 /* Default@2x.png in Resources */,
				9DBD43691798105600124365 /* Default-568h@2x.png in Resources */,
				9DBD436C1798105600124365 /* MainStoryboard_iPhone.storyboard in Resources */,
				9DBD436F1798105600124365 /* MainStoryboard_iPad.storyboard in Resources */,
			);
			runOnlyForDeploymentPostprocessing = 0;
		};
/* End PBXResourcesBuildPhase section */

/* Begin PBXSourcesBuildPhase section */
		9DBD434B1798105600124365 /* Sources */ = {
			isa = PBXSourcesBuildPhase;
			buildActionMask = 2147483647;
			files = (
				9DBD435F1798105600124365 /* main.m in Sources */,
				9DBD43631798105600124365 /* AppDelegate.m in Sources */,
				9DBD43721798105600124365 /* ViewController.m in Sources */,
				FEBDC263A47652403A449449 /* CoreGraphicsView.m in Sources */,
				9D9B82E117AA7E7D008DCF01 /* CoreGraphicsTableViewController.m in Sources */,
				FEBDC3C595E77D86F9700BE4 /* CoreGraphicsCellBackground.m in Sources */,
				9D9B82E517ABD150008DCF01 /* CoreGraphicsHeader.m in Sources */,
			);
			runOnlyForDeploymentPostprocessing = 0;
		};
/* End PBXSourcesBuildPhase section */

/* Begin PBXVariantGroup section */
		9DBD435B1798105600124365 /* InfoPlist.strings */ = {
			isa = PBXVariantGroup;
			children = (
				9DBD435C1798105600124365 /* en */,
			);
			name = InfoPlist.strings;
			sourceTree = "<group>";
		};
		9DBD436A1798105600124365 /* MainStoryboard_iPhone.storyboard */ = {
			isa = PBXVariantGroup;
			children = (
				9DBD436B1798105600124365 /* en */,
			);
			name = MainStoryboard_iPhone.storyboard;
			sourceTree = "<group>";
		};
		9DBD436D1798105600124365 /* MainStoryboard_iPad.storyboard */ = {
			isa = PBXVariantGroup;
			children = (
				9DBD436E1798105600124365 /* en */,
			);
			name = MainStoryboard_iPad.storyboard;
			sourceTree = "<group>";
		};
/* End PBXVariantGroup section */

/* Begin XCBuildConfiguration section */
		9DBD43731798105600124365 /* Debug */ = {
			isa = XCBuildConfiguration;
			buildSettings = {
				ALWAYS_SEARCH_USER_PATHS = NO;
				CLANG_CXX_LANGUAGE_STANDARD = "gnu++0x";
				CLANG_CXX_LIBRARY = "libc++";
				CLANG_ENABLE_OBJC_ARC = YES;
				CLANG_WARN_CONSTANT_CONVERSION = YES;
				CLANG_WARN_EMPTY_BODY = YES;
				CLANG_WARN_ENUM_CONVERSION = YES;
				CLANG_WARN_INT_CONVERSION = YES;
				CLANG_WARN__DUPLICATE_METHOD_MATCH = YES;
				"CODE_SIGN_IDENTITY[sdk=iphoneos*]" = "iPhone Developer";
				COPY_PHASE_STRIP = NO;
				GCC_C_LANGUAGE_STANDARD = gnu99;
				GCC_DYNAMIC_NO_PIC = NO;
				GCC_OPTIMIZATION_LEVEL = 0;
				GCC_PREPROCESSOR_DEFINITIONS = (
					"DEBUG=1",
					"$(inherited)",
				);
				GCC_SYMBOLS_PRIVATE_EXTERN = NO;
				GCC_WARN_ABOUT_RETURN_TYPE = YES;
				GCC_WARN_UNINITIALIZED_AUTOS = YES;
				GCC_WARN_UNUSED_VARIABLE = YES;
				IPHONEOS_DEPLOYMENT_TARGET = 6.1;
				ONLY_ACTIVE_ARCH = YES;
				SDKROOT = iphoneos;
				TARGETED_DEVICE_FAMILY = "1,2";
			};
			name = Debug;
		};
		9DBD43741798105600124365 /* Release */ = {
			isa = XCBuildConfiguration;
			buildSettings = {
				ALWAYS_SEARCH_USER_PATHS = NO;
				CLANG_CXX_LANGUAGE_STANDARD = "gnu++0x";
				CLANG_CXX_LIBRARY = "libc++";
				CLANG_ENABLE_OBJC_ARC = YES;
				CLANG_WARN_CONSTANT_CONVERSION = YES;
				CLANG_WARN_EMPTY_BODY = YES;
				CLANG_WARN_ENUM_CONVERSION = YES;
				CLANG_WARN_INT_CONVERSION = YES;
				CLANG_WARN__DUPLICATE_METHOD_MATCH = YES;
				"CODE_SIGN_IDENTITY[sdk=iphoneos*]" = "iPhone Developer";
				COPY_PHASE_STRIP = YES;
				GCC_C_LANGUAGE_STANDARD = gnu99;
				GCC_WARN_ABOUT_RETURN_TYPE = YES;
				GCC_WARN_UNINITIALIZED_AUTOS = YES;
				GCC_WARN_UNUSED_VARIABLE = YES;
				IPHONEOS_DEPLOYMENT_TARGET = 6.1;
				OTHER_CFLAGS = "-DNS_BLOCK_ASSERTIONS=1";
				SDKROOT = iphoneos;
				TARGETED_DEVICE_FAMILY = "1,2";
				VALIDATE_PRODUCT = YES;
			};
			name = Release;
		};
		9DBD43761798105600124365 /* Debug */ = {
			isa = XCBuildConfiguration;
			buildSettings = {
				GCC_PRECOMPILE_PREFIX_HEADER = YES;
				GCC_PREFIX_HEADER = "coreGraphics/coreGraphics-Prefix.pch";
				INFOPLIST_FILE = "coreGraphics/coreGraphics-Info.plist";
				PRODUCT_NAME = "$(TARGET_NAME)";
				WRAPPER_EXTENSION = app;
			};
			name = Debug;
		};
		9DBD43771798105600124365 /* Release */ = {
			isa = XCBuildConfiguration;
			buildSettings = {
				GCC_PRECOMPILE_PREFIX_HEADER = YES;
				GCC_PREFIX_HEADER = "coreGraphics/coreGraphics-Prefix.pch";
				INFOPLIST_FILE = "coreGraphics/coreGraphics-Info.plist";
				PRODUCT_NAME = "$(TARGET_NAME)";
				WRAPPER_EXTENSION = app;
			};
			name = Release;
		};
/* End XCBuildConfiguration section */

/* Begin XCConfigurationList section */
		9DBD434A1798105600124365 /* Build configuration list for PBXProject "coreGraphics" */ = {
			isa = XCConfigurationList;
			buildConfigurations = (
				9DBD43731798105600124365 /* Debug */,
				9DBD43741798105600124365 /* Release */,
			);
			defaultConfigurationIsVisible = 0;
			defaultConfigurationName = Release;
		};
		9DBD43751798105600124365 /* Build configuration list for PBXNativeTarget "coreGraphics" */ = {
			isa = XCConfigurationList;
			buildConfigurations = (
				9DBD43761798105600124365 /* Debug */,
				9DBD43771798105600124365 /* Release */,
			);
			defaultConfigurationIsVisible = 0;
			defaultConfigurationName = Release;
		};
/* End XCConfigurationList section */
	};
	rootObject = 9DBD43471798105600124365 /* Project object */;
}
